
Microsoft Visual Studio Solution File, Format Version 12.00
# Visual Studio Version 17
VisualStudioVersion = 17.10.34928.147
MinimumVisualStudioVersion = 10.0.40219.1
Project("{FAE04EC0-301F-11D3-BF4B-00C04F79EFBC}") = "MovieRentalManagementSystem_V2", "MovieRentalManagementSystem_V2\MovieRentalManagementSystem_V2.csproj", "{8C44E93E-A129-47F5-B55D-199A22953552}"
EndProject
Global
	GlobalSection(SolutionConfigurationPlatforms) = preSolution
		Debug|Any CPU = Debug|Any CPU
		Release|Any CPU = Release|Any CPU
	EndGlobalSection
	GlobalSection(ProjectConfigurationPlatforms) = postSolution
		{8C44E93E-A129-47F5-B55D-199A22953552}.Debug|Any CPU.ActiveCfg = Debug|Any CPU
		{8C44E93E-A129-47F5-B55D-199A22953552}.Debug|Any CPU.Build.0 = Debug|Any CPU
		{8C44E93E-A129-47F5-B55D-199A22953552}.Release|Any CPU.ActiveCfg = Release|Any CPU
		{8C44E93E-A129-47F5-B55D-199A22953552}.Release|Any CPU.Build.0 = Release|Any CPU
	EndGlobalSection
	GlobalSection(SolutionProperties) = preSolution
		HideSolutionNode = FALSE
	EndGlobalSection
	GlobalSection(ExtensibilityGlobals) = postSolution
		SolutionGuid = {6BDCC8A8-2773-4E8D-81A9-6C059ECB4D9F}
	EndGlobalSection
EndGlobal
